{
  "name": "scramjet-website",
  "version": "1.0.0",
  "lockfileVersion": 3,
  "requires": true,
  "packages": {
    "": {
      "name": "scramjet-website",
      "version": "1.0.0",
      "license": "AGPL-3.0-only",
      "dependencies": {
        "@mercuryworkshop/libcurl-transport": "2.0.5",
        "@mercuryworkshop/scramjet": "2.0.67-alpha.2",
        "@mercuryworkshop/scramjet-controller": "0.0.14",
        "@mercuryworkshop/wisp-js": "0.5.0"
      },
      "engines": {
        "node": ">=22"
      }
    },
    "node_modules/@fastify/deepmerge": {
      "version": "3.2.1",
      "resolved": "https://registry.npmjs.org/@fastify/deepmerge/-/deepmerge-3.2.1.tgz",
      "integrity": "sha512-N5Oqvltoa2r9z1tbx4xjky0oRR60v+T47Ic4J1ukoVQcptLOrIdRnCSdTGmOmajZuHVKlTnfcmrjyqsGEW1ztA==",
      "funding": [
        {
          "type": "github",
          "url": "https://github.com/sponsors/fastify"
        },
        {
          "type": "opencollective",
          "url": "https://opencollective.com/fastify"
        }
      ],
      "license": "MIT"
    },
    "node_modules/@mercuryworkshop/libcurl-transport": {
      "version": "2.0.5",
      "resolved": "https://registry.npmjs.org/@mercuryworkshop/libcurl-transport/-/libcurl-transport-2.0.5.tgz",
      "integrity": "sha512-YkAPEAWTEUZZkEOejmRQJxNHw90+kNQnoiSqa5H2sExHBXXdGSXEtg7/35A53U8MDVaznpAwjVbXRONSsfatzw==",
      "license": "AGPL-3.0-only",
      "dependencies": {
        "libcurl.js": "^0.7.4"
      }
    },
    "node_modules/@mercuryworkshop/proxy-transports": {
      "version": "1.0.2",
      "resolved": "https://registry.npmjs.org/@mercuryworkshop/proxy-transports/-/proxy-transports-1.0.2.tgz",
      "integrity": "sha512-zgD+JMYNSx8LxVLWwGPPVnoDHjoh1GqqwUJIjhIwCwhy+Z7g+MhmiTJvCcRPAo7qXXbqJwIrpBJduRSOrjMV7g==",
      "license": "MIT"
    },
    "node_modules/@mercuryworkshop/scramjet": {
      "version": "2.0.67-alpha.2",
      "resolved": "https://registry.npmjs.org/@mercuryworkshop/scramjet/-/scramjet-2.0.67-alpha.2.tgz",
      "integrity": "sha512-E/vmwQTqIoYmPLDb76t8Nv7O9kUdv8C6mRejdsT8APk5vBUYyIMI6CO0gyUVRX77Fc/NyoopfZNSaJ4qufJEww==",
      "license": "AGPL-3.0-only",
      "peer": true,
      "dependencies": {
        "@mercuryworkshop/proxy-transports": "1.0.2",
        "dom-serializer": "^2.0.0",
        "domhandler": "^5.0.3",
        "domutils": "^3.2.2",
        "htmlparser2": "^12.0.0",
        "idb": "^8.0.3",
        "parse-domain": "^8.2.2"
      }
    },
    "node_modules/@mercuryworkshop/scramjet-controller": {
      "version": "0.0.14",
      "resolved": "https://registry.npmjs.org/@mercuryworkshop/scramjet-controller/-/scramjet-controller-0.0.14.tgz",
      "integrity": "sha512-0Sfn0xcUM69h6pIaPmntwFYcAOLyNzGPE6AQSMwrakYUFhJNLbEYWMa4actp6w3jVnwpQ9suggOO1bKrX5zioA==",
      "license": "AGPL-3.0-only",
      "peer": true,
      "dependencies": {
        "@fastify/deepmerge": "^3.2.1",
        "@mercuryworkshop/proxy-transports": "1.0.2"
      },
      "peerDependencies": {
        "@mercuryworkshop/scramjet": "*"
      }
    },
    "node_modules/@mercuryworkshop/wisp-js": {
      "version": "0.5.0",
      "resolved": "https://registry.npmjs.org/@mercuryworkshop/wisp-js/-/wisp-js-0.5.0.tgz",
      "integrity": "sha512-YIPnONZdMYRXLdttL/zQM2PwjHQw3LfNPWTP54Lqhehs79lcORY8rwv5j7bGnuz9S31rZIh1OEzldubE9dtnoA==",
      "license": "LGPL-3.0-or-later",
      "dependencies": {
        "bufferutil": "^4.1.0",
        "commander": "^15.0.0",
        "ipaddr.js": "^2.5.0",
        "ws": "^8.21.3"
      },
      "bin": {
        "wisp-js-server": "src/bin/server_cli.mjs"
      }
    },
    "node_modules/bufferutil": {
      "version": "4.1.0",
      "resolved": "https://registry.npmjs.org/bufferutil/-/bufferutil-4.1.0.tgz",
      "integrity": "sha512-ZMANVnAixE6AWWnPzlW2KpUrxhm9woycYvPOo67jWHyFowASTEd9s+QN1EIMsSDtwhIxN4sWE1jotpuDUIgyIw==",
      "hasInstallScript": true,
      "license": "MIT",
      "peer": true,
      "dependencies": {
        "node-gyp-build": "^4.3.0"
      },
      "engines": {
        "node": ">=6.14.2"
      }
    },
    "node_modules/clone-regexp": {
      "version": "3.0.0",
      "resolved": "https://registry.npmjs.org/clone-regexp/-/clone-regexp-3.0.0.tgz",
      "integrity": "sha512-ujdnoq2Kxb8s3ItNBtnYeXdm07FcU0u8ARAT1lQ2YdMwQC+cdiXX8KoqMVuglztILivceTtp4ivqGSmEmhBUJw==",
      "license": "MIT",
      "dependencies": {
        "is-regexp": "^3.0.0"
      },
      "engines": {
        "node": ">=12"
      },
      "funding": {
        "url": "https://github.com/sponsors/sindresorhus"
      }
    },
    "node_modules/commander": {
      "version": "15.0.0",
      "resolved": "https://registry.npmjs.org/commander/-/commander-15.0.0.tgz",
      "integrity": "sha512-z67u4ZhzCL/Tydu1lJARtEZYWbWaN7oYLHbsuzocr6y4N6WZAagG3RQ4FW61V1/0+jImpj293XfrcYnd1qxtPg==",
      "license": "MIT",
      "engines": {
        "node": ">=22.12.0"
      }
    },
    "node_modules/convert-hrtime": {
      "version": "5.0.0",
      "resolved": "https://registry.npmjs.org/convert-hrtime/-/convert-hrtime-5.0.0.tgz",
      "integrity": "sha512-lOETlkIeYSJWcbbcvjRKGxVMXJR+8+OQb/mTPbA4ObPMytYIsUbuOE0Jzy60hjARYszq1id0j8KgVhC+WGZVTg==",
      "license": "MIT",
      "engines": {
        "node": ">=12"
      },
      "funding": {
        "url": "https://github.com/sponsors/sindresorhus"
      }
    },
    "node_modules/dom-serializer": {
      "version": "2.0.0",
      "resolved": "https://registry.npmjs.org/dom-serializer/-/dom-serializer-2.0.0.tgz",
      "integrity": "sha512-wIkAryiqt/nV5EQKqQpo3SToSOV9J0DnbJqwK7Wv/Trc92zIAYZ4FlMu+JPFW1DfGFt81ZTCGgDEabffXeLyJg==",
      "license": "MIT",
      "dependencies": {
        "domelementtype": "^2.3.0",
        "domhandler": "^5.0.2",
        "entities": "^4.2.0"
      },
      "funding": {
        "url": "https://github.com/cheeriojs/dom-serializer?sponsor=1"
      }
    },
    "node_modules/domelementtype": {
      "version": "2.3.0",
      "resolved": "https://registry.npmjs.org/domelementtype/-/domelementtype-2.3.0.tgz",
      "integrity": "sha512-OLETBj6w0OsagBwdXnPdN0cnMfF9opN69co+7ZrbfPGrdpPVNBUj02spi6B1N7wChLQiPn4CSH/zJvXw56gmHw==",
      "funding": [
        {
          "type": "github",
          "url": "https://github.com/sponsors/fb55"
        }
      ],
      "license": "BSD-2-Clause"
    },
    "node_modules/domhandler": {
      "version": "5.0.3",
      "resolved": "https://registry.npmjs.org/domhandler/-/domhandler-5.0.3.tgz",
      "integrity": "sha512-cgwlv/1iFQiFnU96XXgROh8xTeetsnJiDsTc7TYCLFd9+/WNkIqPTxiM/8pSd8VIrhXGTf1Ny1q1hquVqDJB5w==",
      "license": "BSD-2-Clause",
      "dependencies": {
        "domelementtype": "^2.3.0"
      },
      "engines": {
        "node": ">= 4"
      },
      "funding": {
        "url": "https://github.com/fb55/domhandler?sponsor=1"
      }
    },
    "node_modules/domutils": {
      "version": "3.2.2",
      "resolved": "https://registry.npmjs.org/domutils/-/domutils-3.2.2.tgz",
      "integrity": "sha512-6kZKyUajlDuqlHKVX1w7gyslj9MPIXzIFiz/rGu35uC1wMi+kMhQwGhl4lt9unC9Vb9INnY9Z3/ZA3+FhASLaw==",
      "license": "BSD-2-Clause",
      "dependencies": {
        "dom-serializer": "^2.0.0",
        "domelementtype": "^2.3.0",
        "domhandler": "^5.0.3"
      },
      "funding": {
        "url": "https://github.com/fb55/domutils?sponsor=1"
      }
    },
    "node_modules/entities": {
      "version": "4.5.0",
      "resolved": "https://registry.npmjs.org/entities/-/entities-4.5.0.tgz",
      "integrity": "sha512-V0hjH4dGPh9Ao5p0MoRY6BVqtwCjhz6vI5LT8AJ55H+4g9/4vbHx1I54fS0XuclLhDHArPQCiMjDxjaL8fPxhw==",
      "license": "BSD-2-Clause",
      "engines": {
        "node": ">=0.12"
      },
      "funding": {
        "url": "https://github.com/fb55/entities?sponsor=1"
      }
    },
    "node_modules/function-timeout": {
      "version": "0.1.1",
      "resolved": "https://registry.npmjs.org/function-timeout/-/function-timeout-0.1.1.tgz",
      "integrity": "sha512-0NVVC0TaP7dSTvn1yMiy6d6Q8gifzbvQafO46RtLG/kHJUBNd+pVRGOBoK44wNBvtSPUJRfdVvkFdD3p0xvyZg==",
      "license": "MIT",
      "engines": {
        "node": ">=14.16"
      },
      "funding": {
        "url": "https://github.com/sponsors/sindresorhus"
      }
    },
    "node_modules/htmlparser2": {
      "version": "12.0.0",
      "resolved": "https://registry.npmjs.org/htmlparser2/-/htmlparser2-12.0.0.tgz",
      "integrity": "sha512-Tz7u1i95/g2x2jz81+x0FBVhBhY5aRTvD3tXXdFaljuNdzDLJ8UGNRrTcj2cgQvAg3iW/h77Fz15nLW0L0CrZw==",
      "funding": [
        "https://github.com/fb55/htmlparser2?sponsor=1",
        {
          "type": "github",
          "url": "https://github.com/sponsors/fb55"
        }
      ],
      "license": "MIT",
      "dependencies": {
        "domelementtype": "^3.0.0",
        "domhandler": "^6.0.0",
        "domutils": "^4.0.2",
        "entities": "^8.0.0"
      },
      "engines": {
        "node": ">=20.19.0"
      }
    },
    "node_modules/htmlparser2/node_modules/dom-serializer": {
      "version": "3.1.1",
      "resolved": "https://registry.npmjs.org/dom-serializer/-/dom-serializer-3.1.1.tgz",
      "integrity": "sha512-4MEa38/QexBob6gFNwu+EGdWvhJ1OKuNwdYY3Y3NyeWDQfnGeDYQUDfIRzWu5B5gsv03so2Uxd28YC6zrsx3Lw==",
      "license": "MIT",
      "dependencies": {
        "domelementtype": "^3.0.0",
        "domhandler": "^6.0.0",
        "entities": "^8.0.0"
      },
      "engines": {
        "node": ">=20.19.0"
      },
      "funding": {
        "type": "github",
        "url": "https://github.com/cheeriojs/dom-serializer?sponsor=1"
      }
    },
    "node_modules/htmlparser2/node_modules/domelementtype": {
      "version": "3.0.0",
      "resolved": "https://registry.npmjs.org/domelementtype/-/domelementtype-3.0.0.tgz",
      "integrity": "sha512-umCQid3jKbDmVjx8jGaW7uUykm4DEUeyV21hPxNMo2nV955DhUThwqyOIDtreepP31hl84X7G5U9ZfsWvIB3Pg==",
      "funding": [
        {
          "type": "github",
          "url": "https://github.com/sponsors/fb55"
        }
      ],
      "license": "BSD-2-Clause",
      "engines": {
        "node": ">=20.19.0"
      }
    },
    "node_modules/htmlparser2/node_modules/domhandler": {
      "version": "6.0.1",
      "resolved": "https://registry.npmjs.org/domhandler/-/domhandler-6.0.1.tgz",
      "integrity": "sha512-gYzvtM72ZtxQO0T048kd6HWSbbGCNOUwcnfQ01cqIJ4X2IYKFFHZ5mKvrQETcFXxsRObZulDaKmy//R7TPtsBg==",
      "license": "BSD-2-Clause",
      "dependencies": {
        "domelementtype": "^3.0.0"
      },
      "engines": {
        "node": ">=20.19.0"
      },
      "funding": {
        "type": "github",
        "url": "https://github.com/fb55/domhandler?sponsor=1"
      }
    },
    "node_modules/htmlparser2/node_modules/domutils": {
      "version": "4.0.2",
      "resolved": "https://registry.npmjs.org/domutils/-/domutils-4.0.2.tgz",
      "integrity": "sha512-qI4JLRKnSzqFqr7hAlS5xQDusBCjKSEG4t4+7aNrIQMHBcsC2TGEhuyABJdYkgSewL57PNLYEiibY2iPKhKpaA==",
      "license": "BSD-2-Clause",
      "dependencies": {
        "dom-serializer": "^3.0.0",
        "domelementtype": "^3.0.0",
        "domhandler": "^6.0.0"
      },
      "engines": {
        "node": ">=20.19.0"
      },
      "funding": {
        "type": "github",
        "url": "https://github.com/fb55/domutils?sponsor=1"
      }
    },
    "node_modules/htmlparser2/node_modules/entities": {
      "version": "8.1.0",
      "resolved": "https://registry.npmjs.org/entities/-/entities-8.1.0.tgz",
      "integrity": "sha512-kxL7msIffSuh9aaFAMD7rxAIuTRMAHMeBtgHW2yUdWw732ZNh4MehkF2gdjvtdmikkaIP9bFDDJOPlsvm7avrA==",
      "license": "BSD-2-Clause",
      "engines": {
        "node": ">=20.19.0"
      },
      "funding": {
        "url": "https://github.com/fb55/entities?sponsor=1"
      }
    },
    "node_modules/idb": {
      "version": "8.0.3",
      "resolved": "https://registry.npmjs.org/idb/-/idb-8.0.3.tgz",
      "integrity": "sha512-LtwtVyVYO5BqRvcsKuB2iUMnHwPVByPCXFXOpuU96IZPPoPN6xjOGxZQ74pgSVVLQWtUOYgyeL4GE98BY5D3wg==",
      "license": "ISC"
    },
    "node_modules/ip-regex": {
      "version": "5.0.0",
      "resolved": "https://registry.npmjs.org/ip-regex/-/ip-regex-5.0.0.tgz",
      "integrity": "sha512-fOCG6lhoKKakwv+C6KdsOnGvgXnmgfmp0myi3bcNwj3qfwPAxRKWEuFhvEFF7ceYIz6+1jRZ+yguLFAmUNPEfw==",
      "license": "MIT",
      "engines": {
        "node": "^12.20.0 || ^14.13.1 || >=16.0.0"
      },
      "funding": {
        "url": "https://github.com/sponsors/sindresorhus"
      }
    },
    "node_modules/ipaddr.js": {
      "version": "2.5.0",
      "resolved": "https://registry.npmjs.org/ipaddr.js/-/ipaddr.js-2.5.0.tgz",
      "integrity": "sha512-aq+t5NAc+cS6rZQQVWC2x98CPqGtKKTMDd4Gaodv0wShnItdKg/51djkGJ1hqH+Oy0ivDftCbSLCQob8zso01w==",
      "license": "MIT",
      "engines": {
        "node": ">= 10"
      }
    },
    "node_modules/is-ip": {
      "version": "5.0.1",
      "resolved": "https://registry.npmjs.org/is-ip/-/is-ip-5.0.1.tgz",
      "integrity": "sha512-FCsGHdlrOnZQcp0+XT5a+pYowf33itBalCl+7ovNXC/7o5BhIpG14M3OrpPPdBSIQJCm+0M5+9mO7S9VVTTCFw==",
      "license": "MIT",
      "dependencies": {
        "ip-regex": "^5.0.0",
        "super-regex": "^0.2.0"
      },
      "engines": {
        "node": ">=14.16"
      },
      "funding": {
        "url": "https://github.com/sponsors/sindresorhus"
      }
    },
    "node_modules/is-regexp": {
      "version": "3.1.0",
      "resolved": "https://registry.npmjs.org/is-regexp/-/is-regexp-3.1.0.tgz",
      "integrity": "sha512-rbku49cWloU5bSMI+zaRaXdQHXnthP6DZ/vLnfdSKyL4zUzuWnomtOEiZZOd+ioQ+avFo/qau3KPTc7Fjy1uPA==",
      "license": "MIT",
      "engines": {
        "node": ">=12"
      },
      "funding": {
        "url": "https://github.com/sponsors/sindresorhus"
      }
    },
    "node_modules/libcurl.js": {
      "version": "0.7.4",
      "resolved": "https://registry.npmjs.org/libcurl.js/-/libcurl.js-0.7.4.tgz",
      "integrity": "sha512-UpvVirvATP7fD0t4rnsxVRuUpPVIo2QvWj4+5JrMsd1KSEvYkON36+COOPAl88hPlGJddk+DfZRvyF7KG7YcSA==",
      "license": "LGPL-3.0-or-later"
    },
    "node_modules/node-gyp-build": {
      "version": "4.8.4",
      "resolved": "https://registry.npmjs.org/node-gyp-build/-/node-gyp-build-4.8.4.tgz",
      "integrity": "sha512-LA4ZjwlnUblHVgq0oBF3Jl/6h/Nvs5fzBLwdEF4nuxnFdsfajde4WfxtJr3CaiH+F6ewcIB/q4jQ4UzPyid+CQ==",
      "license": "MIT",
      "bin": {
        "node-gyp-build": "bin.js",
        "node-gyp-build-optional": "optional.js",
        "node-gyp-build-test": "build-test.js"
      }
    },
    "node_modules/parse-domain": {
      "version": "8.4.0",
      "resolved": "https://registry.npmjs.org/parse-domain/-/parse-domain-8.4.0.tgz",
      "integrity": "sha512-dQK2vh9TfEYtfuA8haMyk1mkYRya1MP1r2bs79bnDb3w4uOgPgXdwUUmTOpSiDsQL71BlZRS7+rIWdBJfp2QwQ==",
      "license": "MIT",
      "dependencies": {
        "is-ip": "^5.0.1"
      },
      "bin": {
        "parse-domain-update": "dist/bin/update.js"
      }
    },
    "node_modules/super-regex": {
      "version": "0.2.0",
      "resolved": "https://registry.npmjs.org/super-regex/-/super-regex-0.2.0.tgz",
      "integrity": "sha512-WZzIx3rC1CvbMDloLsVw0lkZVKJWbrkJ0k1ghKFmcnPrW1+jWbgTkTEWVtD9lMdmI4jZEz40+naBxl1dCUhXXw==",
      "license": "MIT",
      "dependencies": {
        "clone-regexp": "^3.0.0",
        "function-timeout": "^0.1.0",
        "time-span": "^5.1.0"
      },
      "engines": {
        "node": ">=14.16"
      },
      "funding": {
        "url": "https://github.com/sponsors/sindresorhus"
      }
    },
    "node_modules/time-span": {
      "version": "5.1.0",
      "resolved": "https://registry.npmjs.org/time-span/-/time-span-5.1.0.tgz",
      "integrity": "sha512-75voc/9G4rDIJleOo4jPvN4/YC4GRZrY8yy1uU4lwrB3XEQbWve8zXoO5No4eFrGcTAMYyoY67p8jRQdtA1HbA==",
      "license": "MIT",
      "dependencies": {
        "convert-hrtime": "^5.0.0"
      },
      "engines": {
        "node": ">=12"
      },
      "funding": {
        "url": "https://github.com/sponsors/sindresorhus"
      }
    },
    "node_modules/ws": {
      "version": "8.21.3",
      "resolved": "https://registry.npmjs.org/ws/-/ws-8.21.3.tgz",
      "integrity": "sha512-201TZ/kPWxoPr/OKWjquZR1SWKXcvxdH+e1xrx89b3YbmzLMFCLfnaG1HFIgWzJOEWZ7MvpK++odZufgYR50Rw==",
      "license": "MIT",
      "engines": {
        "node": ">=10.0.0"
      },
      "peerDependencies": {
        "bufferutil": "^4.0.1",
        "utf-8-validate": ">=5.0.2"
      },
      "peerDependenciesMeta": {
        "bufferutil": {
          "optional": true
        },
        "utf-8-validate": {
          "optional": true
        }
      }
    }
  }
}
